// !$*UTF8*$!
{
	archiveVersion = 1;
	classes = {
	};
	objectVersion = 46;
	objects = {

/* Begin PBXBuildFile section */
		C01952011F32CFBD00D91609 /* AppDelegate.swift in Sources */ = {isa = PBXBuildFile; fileRef = C01952001F32CFBD00D91609 /* AppDelegate.swift */; };
		C01952081F32CFBD00D91609 /* Assets.xcassets in Resources */ = {isa = PBXBuildFile; fileRef = C01952071F32CFBD00D91609 /* Assets.xcassets */; };
		C01952161F32CFBD00D91609 /* __3_______Tests.swift in Sources */ = {isa = PBXBuildFile; fileRef = C01952151F32CFBD00D91609 /* __3_______Tests.swift */; };
		C01952211F32CFBD00D91609 /* __3_______UITests.swift in Sources */ = {isa = PBXBuildFile; fileRef = C01952201F32CFBD00D91609 /* __3_______UITests.swift */; };
		C01952391F32D73800D91609 /* WBNavigationController.swift in Sources */ = {isa = PBXBuildFile; fileRef = C01952381F32D73800D91609 /* WBNavigationController.swift */; };
		C019523B1F32F37300D91609 /* WBMainController.swift in Sources */ = {isa = PBXBuildFile; fileRef = C019523A1F32F37300D91609 /* WBMainController.swift */; };
		C019523D1F32F3A000D91609 /* WBBaseController.swift in Sources */ = {isa = PBXBuildFile; fileRef = C019523C1F32F3A000D91609 /* WBBaseController.swift */; };
		C019523F1F32F40000D91609 /* WBHomeViewController.swift in Sources */ = {isa = PBXBuildFile; fileRef = C019523E1F32F40000D91609 /* WBHomeViewController.swift */; };
		C01952411F32F41C00D91609 /* WBMessageViewController.swift in Sources */ = {isa = PBXBuildFile; fileRef = C01952401F32F41C00D91609 /* WBMessageViewController.swift */; };
		C01952431F32F42A00D91609 /* WBDiscoverViewController.swift in Sources */ = {isa = PBXBuildFile; fileRef = C01952421F32F42A00D91609 /* WBDiscoverViewController.swift */; };
		C01952451F32F43500D91609 /* WBProfileViewController.swift in Sources */ = {isa = PBXBuildFile; fileRef = C01952441F32F43500D91609 /* WBProfileViewController.swift */; };
		C01952541F32FA2700D91609 /* DateManager.m in Sources */ = {isa = PBXBuildFile; fileRef = C019524C1F32FA2700D91609 /* DateManager.m */; };
		C019525D1F33077500D91609 /* Bundle+Extensions.swift in Sources */ = {isa = PBXBuildFile; fileRef = C019525C1F33077500D91609 /* Bundle+Extensions.swift */; };
		C019525F1F33171B00D91609 /* LaunchScreen.storyboard in Resources */ = {isa = PBXBuildFile; fileRef = C019525E1F33171B00D91609 /* LaunchScreen.storyboard */; };
		C02DC25C1F39BAC40074973C /* ClazUtil.swift in Sources */ = {isa = PBXBuildFile; fileRef = C02DC2581F39BAC40074973C /* ClazUtil.swift */; };
		C02DC25D1F39BAC40074973C /* Common.swift in Sources */ = {isa = PBXBuildFile; fileRef = C02DC2591F39BAC40074973C /* Common.swift */; };
		C02DC25F1F39BAC40074973C /* UIExtension.swift in Sources */ = {isa = PBXBuildFile; fileRef = C02DC25B1F39BAC40074973C /* UIExtension.swift */; };
		C04B8DFC1F3AEE5F00D6F828 /* WBDemoViewController.swift in Sources */ = {isa = PBXBuildFile; fileRef = C04B8DFB1F3AEE5F00D6F828 /* WBDemoViewController.swift */; };
		C06CD9491F3C4FAC00B27D2C /* UIBarButtonItem+Extension.swift in Sources */ = {isa = PBXBuildFile; fileRef = C06CD9481F3C4FAC00B27D2C /* UIBarButtonItem+Extension.swift */; };
		C06CD94C1F3C584100B27D2C /* UIColor+HexToRGB.m in Sources */ = {isa = PBXBuildFile; fileRef = C06CD94B1F3C584100B27D2C /* UIColor+HexToRGB.m */; };
/* End PBXBuildFile section */

/* Begin PBXContainerItemProxy section */
		C01952121F32CFBD00D91609 /* PBXContainerItemProxy */ = {
			isa = PBXContainerItemProxy;
			containerPortal = C01951F51F32CFBD00D91609 /* Project object */;
			proxyType = 1;
			remoteGlobalIDString = C01951FC1F32CFBD00D91609;
			remoteInfo = "8-3-模仿新浪微博";
		};
		C019521D1F32CFBD00D91609 /* PBXContainerItemProxy */ = {
			isa = PBXContainerItemProxy;
			containerPortal = C01951F51F32CFBD00D91609 /* Project object */;
			proxyType = 1;
			remoteGlobalIDString = C01951FC1F32CFBD00D91609;
			remoteInfo = "8-3-模仿新浪微博";
		};
/* End PBXContainerItemProxy section */

/* Begin PBXFileReference section */
		C01951FD1F32CFBD00D91609 /* 模仿新浪微博.app */ = {isa = PBXFileReference; explicitFileType = wrapper.application; includeInIndex = 0; path = "模仿新浪微博.app"; sourceTree = BUILT_PRODUCTS_DIR; };
		C01952001F32CFBD00D91609 /* AppDelegate.swift */ = {isa = PBXFileReference; lastKnownFileType = sourcecode.swift; path = AppDelegate.swift; sourceTree = "<group>"; };
		C01952071F32CFBD00D91609 /* Assets.xcassets */ = {isa = PBXFileReference; lastKnownFileType = folder.assetcatalog; path = Assets.xcassets; sourceTree = "<group>"; };
		C019520C1F32CFBD00D91609 /* Info.plist */ = {isa = PBXFileReference; lastKnownFileType = text.plist.xml; path = Info.plist; sourceTree = "<group>"; };
		C01952111F32CFBD00D91609 /* 8-3-模仿新浪微博Tests.xctest */ = {isa = PBXFileReference; explicitFileType = wrapper.cfbundle; includeInIndex = 0; path = "8-3-模仿新浪微博Tests.xctest"; sourceTree = BUILT_PRODUCTS_DIR; };
		C01952151F32CFBD00D91609 /* __3_______Tests.swift */ = {isa = PBXFileReference; lastKnownFileType = sourcecode.swift; path = "__3_______Tests.swift"; sourceTree = "<group>"; };
		C01952171F32CFBD00D91609 /* Info.plist */ = {isa = PBXFileReference; lastKnownFileType = text.plist.xml; path = Info.plist; sourceTree = "<group>"; };
		C019521C1F32CFBD00D91609 /* 8-3-模仿新浪微博UITests.xctest */ = {isa = PBXFileReference; explicitFileType = wrapper.cfbundle; includeInIndex = 0; path = "8-3-模仿新浪微博UITests.xctest"; sourceTree = BUILT_PRODUCTS_DIR; };
		C01952201F32CFBD00D91609 /* __3_______UITests.swift */ = {isa = PBXFileReference; lastKnownFileType = sourcecode.swift; path = "__3_______UITests.swift"; sourceTree = "<group>"; };
		C01952221F32CFBD00D91609 /* Info.plist */ = {isa = PBXFileReference; lastKnownFileType = text.plist.xml; path = Info.plist; sourceTree = "<group>"; };
		C01952381F32D73800D91609 /* WBNavigationController.swift */ = {isa = PBXFileReference; fileEncoding = 4; lastKnownFileType = sourcecode.swift; path = WBNavigationController.swift; sourceTree = "<group>"; };
		C019523A1F32F37300D91609 /* WBMainController.swift */ = {isa = PBXFileReference; fileEncoding = 4; lastKnownFileType = sourcecode.swift; path = WBMainController.swift; sourceTree = "<group>"; };
		C019523C1F32F3A000D91609 /* WBBaseController.swift */ = {isa = PBXFileReference; fileEncoding = 4; lastKnownFileType = sourcecode.swift; path = WBBaseController.swift; sourceTree = "<group>"; };
		C019523E1F32F40000D91609 /* WBHomeViewController.swift */ = {isa = PBXFileReference; fileEncoding = 4; lastKnownFileType = sourcecode.swift; path = WBHomeViewController.swift; sourceTree = "<group>"; };
		C01952401F32F41C00D91609 /* WBMessageViewController.swift */ = {isa = PBXFileReference; fileEncoding = 4; lastKnownFileType = sourcecode.swift; path = WBMessageViewController.swift; sourceTree = "<group>"; };
		C01952421F32F42A00D91609 /* WBDiscoverViewController.swift */ = {isa = PBXFileReference; fileEncoding = 4; lastKnownFileType = sourcecode.swift; path = WBDiscoverViewController.swift; sourceTree = "<group>"; };
		C01952441F32F43500D91609 /* WBProfileViewController.swift */ = {isa = PBXFileReference; fileEncoding = 4; lastKnownFileType = sourcecode.swift; path = WBProfileViewController.swift; sourceTree = "<group>"; };
		C01952461F32F8D400D91609 /* Weibo-Bridge.h */ = {isa = PBXFileReference; lastKnownFileType = sourcecode.c.h; path = "Weibo-Bridge.h"; sourceTree = "<group>"; };
		C019524B1F32FA2700D91609 /* DateManager.h */ = {isa = PBXFileReference; fileEncoding = 4; lastKnownFileType = sourcecode.c.h; path = DateManager.h; sourceTree = "<group>"; };
		C019524C1F32FA2700D91609 /* DateManager.m */ = {isa = PBXFileReference; fileEncoding = 4; lastKnownFileType = sourcecode.c.objc; path = DateManager.m; sourceTree = "<group>"; };
		C019525C1F33077500D91609 /* Bundle+Extensions.swift */ = {isa = PBXFileReference; fileEncoding = 4; lastKnownFileType = sourcecode.swift; path = "Bundle+Extensions.swift"; sourceTree = "<group>"; };
		C019525E1F33171B00D91609 /* LaunchScreen.storyboard */ = {isa = PBXFileReference; fileEncoding = 4; lastKnownFileType = file.storyboard; path = LaunchScreen.storyboard; sourceTree = "<group>"; };
		C02DC2581F39BAC40074973C /* ClazUtil.swift */ = {isa = PBXFileReference; fileEncoding = 4; lastKnownFileType = sourcecode.swift; path = ClazUtil.swift; sourceTree = "<group>"; };
		C02DC2591F39BAC40074973C /* Common.swift */ = {isa = PBXFileReference; fileEncoding = 4; lastKnownFileType = sourcecode.swift; path = Common.swift; sourceTree = "<group>"; };
		C02DC25B1F39BAC40074973C /* UIExtension.swift */ = {isa = PBXFileReference; fileEncoding = 4; lastKnownFileType = sourcecode.swift; path = UIExtension.swift; sourceTree = "<group>"; };
		C04B8DFB1F3AEE5F00D6F828 /* WBDemoViewController.swift */ = {isa = PBXFileReference; fileEncoding = 4; lastKnownFileType = sourcecode.swift; path = WBDemoViewController.swift; sourceTree = "<group>"; };
		C06CD9481F3C4FAC00B27D2C /* UIBarButtonItem+Extension.swift */ = {isa = PBXFileReference; fileEncoding = 4; lastKnownFileType = sourcecode.swift; path = "UIBarButtonItem+Extension.swift"; sourceTree = "<group>"; };
		C06CD94A1F3C584100B27D2C /* UIColor+HexToRGB.h */ = {isa = PBXFileReference; fileEncoding = 4; lastKnownFileType = sourcecode.c.h; path = "UIColor+HexToRGB.h"; sourceTree = "<group>"; };
		C06CD94B1F3C584100B27D2C /* UIColor+HexToRGB.m */ = {isa = PBXFileReference; fileEncoding = 4; lastKnownFileType = sourcecode.c.objc; path = "UIColor+HexToRGB.m"; sourceTree = "<group>"; };
/* End PBXFileReference section */

/* Begin PBXFrameworksBuildPhase section */
		C01951FA1F32CFBD00D91609 /* Frameworks */ = {
			isa = PBXFrameworksBuildPhase;
			buildActionMask = 2147483647;
			files = (
			);
			runOnlyForDeploymentPostprocessing = 0;
		};
		C019520E1F32CFBD00D91609 /* Frameworks */ = {
			isa = PBXFrameworksBuildPhase;
			buildActionMask = 2147483647;
			files = (
			);
			runOnlyForDeploymentPostprocessing = 0;
		};
		C01952191F32CFBD00D91609 /* Frameworks */ = {
			isa = PBXFrameworksBuildPhase;
			buildActionMask = 2147483647;
			files = (
			);
			runOnlyForDeploymentPostprocessing = 0;
		};
/* End PBXFrameworksBuildPhase section */

/* Begin PBXGroup section */
		C01951F41F32CFBC00D91609 = {
			isa = PBXGroup;
			children = (
				C01951FF1F32CFBD00D91609 /* 8-3-模仿新浪微博 */,
				C01952141F32CFBD00D91609 /* 8-3-模仿新浪微博Tests */,
				C019521F1F32CFBD00D91609 /* 8-3-模仿新浪微博UITests */,
				C01951FE1F32CFBD00D91609 /* Products */,
			);
			sourceTree = "<group>";
		};
		C01951FE1F32CFBD00D91609 /* Products */ = {
			isa = PBXGroup;
			children = (
				C01951FD1F32CFBD00D91609 /* 模仿新浪微博.app */,
				C01952111F32CFBD00D91609 /* 8-3-模仿新浪微博Tests.xctest */,
				C019521C1F32CFBD00D91609 /* 8-3-模仿新浪微博UITests.xctest */,
			);
			name = Products;
			sourceTree = "<group>";
		};
		C01951FF1F32CFBD00D91609 /* 8-3-模仿新浪微博 */ = {
			isa = PBXGroup;
			children = (
				C01952001F32CFBD00D91609 /* AppDelegate.swift */,
				C01952461F32F8D400D91609 /* Weibo-Bridge.h */,
				C019522E1F32D67C00D91609 /* Classes */,
				C01952071F32CFBD00D91609 /* Assets.xcassets */,
				C019525E1F33171B00D91609 /* LaunchScreen.storyboard */,
				C019520C1F32CFBD00D91609 /* Info.plist */,
			);
			path = "8-3-模仿新浪微博";
			sourceTree = "<group>";
		};
		C01952141F32CFBD00D91609 /* 8-3-模仿新浪微博Tests */ = {
			isa = PBXGroup;
			children = (
				C01952151F32CFBD00D91609 /* __3_______Tests.swift */,
				C01952171F32CFBD00D91609 /* Info.plist */,
			);
			path = "8-3-模仿新浪微博Tests";
			sourceTree = "<group>";
		};
		C019521F1F32CFBD00D91609 /* 8-3-模仿新浪微博UITests */ = {
			isa = PBXGroup;
			children = (
				C01952201F32CFBD00D91609 /* __3_______UITests.swift */,
				C01952221F32CFBD00D91609 /* Info.plist */,
			);
			path = "8-3-模仿新浪微博UITests";
			sourceTree = "<group>";
		};
		C019522E1F32D67C00D91609 /* Classes */ = {
			isa = PBXGroup;
			children = (
				C01952311F32D67C00D91609 /* View(视图和控制器) */,
				C019522F1F32D67C00D91609 /* Model(模型) */,
				C01952301F32D67C00D91609 /* Tools(工具) */,
				C01952371F32D67C00D91609 /* ViewModel(视图模型) */,
			);
			path = Classes;
			sourceTree = "<group>";
		};
		C019522F1F32D67C00D91609 /* Model(模型) */ = {
			isa = PBXGroup;
			children = (
			);
			path = "Model(模型)";
			sourceTree = "<group>";
		};
		C01952301F32D67C00D91609 /* Tools(工具) */ = {
			isa = PBXGroup;
			children = (
				C02DC2581F39BAC40074973C /* ClazUtil.swift */,
				C02DC2591F39BAC40074973C /* Common.swift */,
				C02DC25B1F39BAC40074973C /* UIExtension.swift */,
				C019524B1F32FA2700D91609 /* DateManager.h */,
				C019524C1F32FA2700D91609 /* DateManager.m */,
				C019525B1F33076D00D91609 /* Extensions */,
			);
			path = "Tools(工具)";
			sourceTree = "<group>";
		};
		C01952311F32D67C00D91609 /* View(视图和控制器) */ = {
			isa = PBXGroup;
			children = (
				C04B8DF51F3AEDE900D6F828 /* 测试 */,
				C01952341F32D67C00D91609 /* Main */,
				C01952331F32D67C00D91609 /* Home */,
				C01952351F32D67C00D91609 /* Message */,
				C01952321F32D67C00D91609 /* Discover */,
				C01952361F32D67C00D91609 /* Profile */,
			);
			path = "View(视图和控制器)";
			sourceTree = "<group>";
		};
		C01952321F32D67C00D91609 /* Discover */ = {
			isa = PBXGroup;
			children = (
				C01952421F32F42A00D91609 /* WBDiscoverViewController.swift */,
			);
			path = Discover;
			sourceTree = "<group>";
		};
		C01952331F32D67C00D91609 /* Home */ = {
			isa = PBXGroup;
			children = (
				C019523E1F32F40000D91609 /* WBHomeViewController.swift */,
			);
			path = Home;
			sourceTree = "<group>";
		};
		C01952341F32D67C00D91609 /* Main */ = {
			isa = PBXGroup;
			children = (
				C019523A1F32F37300D91609 /* WBMainController.swift */,
				C01952381F32D73800D91609 /* WBNavigationController.swift */,
				C019523C1F32F3A000D91609 /* WBBaseController.swift */,
			);
			path = Main;
			sourceTree = "<group>";
		};
		C01952351F32D67C00D91609 /* Message */ = {
			isa = PBXGroup;
			children = (
				C01952401F32F41C00D91609 /* WBMessageViewController.swift */,
			);
			path = Message;
			sourceTree = "<group>";
		};
		C01952361F32D67C00D91609 /* Profile */ = {
			isa = PBXGroup;
			children = (
				C01952441F32F43500D91609 /* WBProfileViewController.swift */,
			);
			path = Profile;
			sourceTree = "<group>";
		};
		C01952371F32D67C00D91609 /* ViewModel(视图模型) */ = {
			isa = PBXGroup;
			children = (
			);
			path = "ViewModel(视图模型)";
			sourceTree = "<group>";
		};
		C019525B1F33076D00D91609 /* Extensions */ = {
			isa = PBXGroup;
			children = (
				C019525C1F33077500D91609 /* Bundle+Extensions.swift */,
				C06CD9481F3C4FAC00B27D2C /* UIBarButtonItem+Extension.swift */,
				C06CD94A1F3C584100B27D2C /* UIColor+HexToRGB.h */,
				C06CD94B1F3C584100B27D2C /* UIColor+HexToRGB.m */,
			);
			path = Extensions;
			sourceTree = "<group>";
		};
		C04B8DF51F3AEDE900D6F828 /* 测试 */ = {
			isa = PBXGroup;
			children = (
				C04B8DFB1F3AEE5F00D6F828 /* WBDemoViewController.swift */,
			);
			path = "测试";
			sourceTree = "<group>";
		};
/* End PBXGroup section */

/* Begin PBXNativeTarget section */
		C01951FC1F32CFBD00D91609 /* 8-3-模仿新浪微博 */ = {
			isa = PBXNativeTarget;
			buildConfigurationList = C01952251F32CFBD00D91609 /* Build configuration list for PBXNativeTarget "8-3-模仿新浪微博" */;
			buildPhases = (
				C01951F91F32CFBD00D91609 /* Sources */,
				C01951FA1F32CFBD00D91609 /* Frameworks */,
				C01951FB1F32CFBD00D91609 /* Resources */,
			);
			buildRules = (
			);
			dependencies = (
			);
			name = "8-3-模仿新浪微博";
			productName = "8-3-模仿新浪微博";
			productReference = C01951FD1F32CFBD00D91609 /* 模仿新浪微博.app */;
			productType = "com.apple.product-type.application";
		};
		C01952101F32CFBD00D91609 /* 8-3-模仿新浪微博Tests */ = {
			isa = PBXNativeTarget;
			buildConfigurationList = C01952281F32CFBD00D91609 /* Build configuration list for PBXNativeTarget "8-3-模仿新浪微博Tests" */;
			buildPhases = (
				C019520D1F32CFBD00D91609 /* Sources */,
				C019520E1F32CFBD00D91609 /* Frameworks */,
				C019520F1F32CFBD00D91609 /* Resources */,
			);
			buildRules = (
			);
			dependencies = (
				C01952131F32CFBD00D91609 /* PBXTargetDependency */,
			);
			name = "8-3-模仿新浪微博Tests";
			productName = "8-3-模仿新浪微博Tests";
			productReference = C01952111F32CFBD00D91609 /* 8-3-模仿新浪微博Tests.xctest */;
			productType = "com.apple.product-type.bundle.unit-test";
		};
		C019521B1F32CFBD00D91609 /* 8-3-模仿新浪微博UITests */ = {
			isa = PBXNativeTarget;
			buildConfigurationList = C019522B1F32CFBD00D91609 /* Build configuration list for PBXNativeTarget "8-3-模仿新浪微博UITests" */;
			buildPhases = (
				C01952181F32CFBD00D91609 /* Sources */,
				C01952191F32CFBD00D91609 /* Frameworks */,
				C019521A1F32CFBD00D91609 /* Resources */,
			);
			buildRules = (
			);
			dependencies = (
				C019521E1F32CFBD00D91609 /* PBXTargetDependency */,
			);
			name = "8-3-模仿新浪微博UITests";
			productName = "8-3-模仿新浪微博UITests";
			productReference = C019521C1F32CFBD00D91609 /* 8-3-模仿新浪微博UITests.xctest */;
			productType = "com.apple.product-type.bundle.ui-testing";
		};
/* End PBXNativeTarget section */

/* Begin PBXProject section */
		C01951F51F32CFBD00D91609 /* Project object */ = {
			isa = PBXProject;
			attributes = {
				CLASSPREFIX = WB;
				LastSwiftUpdateCheck = 0830;
				LastUpgradeCheck = 0830;
				ORGANIZATIONNAME = Zeus;
				TargetAttributes = {
					C01951FC1F32CFBD00D91609 = {
						CreatedOnToolsVersion = 8.3;
						ProvisioningStyle = Automatic;
					};
					C01952101F32CFBD00D91609 = {
						CreatedOnToolsVersion = 8.3;
						ProvisioningStyle = Automatic;
						TestTargetID = C01951FC1F32CFBD00D91609;
					};
					C019521B1F32CFBD00D91609 = {
						CreatedOnToolsVersion = 8.3;
						ProvisioningStyle = Automatic;
						TestTargetID = C01951FC1F32CFBD00D91609;
					};
				};
			};
			buildConfigurationList = C01951F81F32CFBD00D91609 /* Build configuration list for PBXProject "8-3-模仿新浪微博" */;
			compatibilityVersion = "Xcode 3.2";
			developmentRegion = English;
			hasScannedForEncodings = 0;
			knownRegions = (
				en,
				Base,
			);
			mainGroup = C01951F41F32CFBC00D91609;
			productRefGroup = C01951FE1F32CFBD00D91609 /* Products */;
			projectDirPath = "";
			projectRoot = "";
			targets = (
				C01951FC1F32CFBD00D91609 /* 8-3-模仿新浪微博 */,
				C01952101F32CFBD00D91609 /* 8-3-模仿新浪微博Tests */,
				C019521B1F32CFBD00D91609 /* 8-3-模仿新浪微博UITests */,
			);
		};
/* End PBXProject section */

/* Begin PBXResourcesBuildPhase section */
		C01951FB1F32CFBD00D91609 /* Resources */ = {
			isa = PBXResourcesBuildPhase;
			buildActionMask = 2147483647;
			files = (
				C01952081F32CFBD00D91609 /* Assets.xcassets in Resources */,
				C019525F1F33171B00D91609 /* LaunchScreen.storyboard in Resources */,
			);
			runOnlyForDeploymentPostprocessing = 0;
		};
		C019520F1F32CFBD00D91609 /* Resources */ = {
			isa = PBXResourcesBuildPhase;
			buildActionMask = 2147483647;
			files = (
			);
			runOnlyForDeploymentPostprocessing = 0;
		};
		C019521A1F32CFBD00D91609 /* Resources */ = {
			isa = PBXResourcesBuildPhase;
			buildActionMask = 2147483647;
			files = (
			);
			runOnlyForDeploymentPostprocessing = 0;
		};
/* End PBXResourcesBuildPhase section */

/* Begin PBXSourcesBuildPhase section */
		C01951F91F32CFBD00D91609 /* Sources */ = {
			isa = PBXSourcesBuildPhase;
			buildActionMask = 2147483647;
			files = (
				C019523B1F32F37300D91609 /* WBMainController.swift in Sources */,
				C01952451F32F43500D91609 /* WBProfileViewController.swift in Sources */,
				C01952431F32F42A00D91609 /* WBDiscoverViewController.swift in Sources */,
				C02DC25F1F39BAC40074973C /* UIExtension.swift in Sources */,
				C01952541F32FA2700D91609 /* DateManager.m in Sources */,
				C02DC25D1F39BAC40074973C /* Common.swift in Sources */,
				C02DC25C1F39BAC40074973C /* ClazUtil.swift in Sources */,
				C06CD9491F3C4FAC00B27D2C /* UIBarButtonItem+Extension.swift in Sources */,
				C06CD94C1F3C584100B27D2C /* UIColor+HexToRGB.m in Sources */,
				C019523D1F32F3A000D91609 /* WBBaseController.swift in Sources */,
				C019523F1F32F40000D91609 /* WBHomeViewController.swift in Sources */,
				C01952391F32D73800D91609 /* WBNavigationController.swift in Sources */,
				C01952011F32CFBD00D91609 /* AppDelegate.swift in Sources */,
				C01952411F32F41C00D91609 /* WBMessageViewController.swift in Sources */,
				C04B8DFC1F3AEE5F00D6F828 /* WBDemoViewController.swift in Sources */,
				C019525D1F33077500D91609 /* Bundle+Extensions.swift in Sources */,
			);
			runOnlyForDeploymentPostprocessing = 0;
		};
		C019520D1F32CFBD00D91609 /* Sources */ = {
			isa = PBXSourcesBuildPhase;
			buildActionMask = 2147483647;
			files = (
				C01952161F32CFBD00D91609 /* __3_______Tests.swift in Sources */,
			);
			runOnlyForDeploymentPostprocessing = 0;
		};
		C01952181F32CFBD00D91609 /* Sources */ = {
			isa = PBXSourcesBuildPhase;
			buildActionMask = 2147483647;
			files = (
				C01952211F32CFBD00D91609 /* __3_______UITests.swift in Sources */,
			);
			runOnlyForDeploymentPostprocessing = 0;
		};
/* End PBXSourcesBuildPhase section */

/* Begin PBXTargetDependency section */
		C01952131F32CFBD00D91609 /* PBXTargetDependency */ = {
			isa = PBXTargetDependency;
			target = C01951FC1F32CFBD00D91609 /* 8-3-模仿新浪微博 */;
			targetProxy = C01952121F32CFBD00D91609 /* PBXContainerItemProxy */;
		};
		C019521E1F32CFBD00D91609 /* PBXTargetDependency */ = {
			isa = PBXTargetDependency;
			target = C01951FC1F32CFBD00D91609 /* 8-3-模仿新浪微博 */;
			targetProxy = C019521D1F32CFBD00D91609 /* PBXContainerItemProxy */;
		};
/* End PBXTargetDependency section */

/* Begin XCBuildConfiguration section */
		C01952231F32CFBD00D91609 /* Debug */ = {
			isa = XCBuildConfiguration;
			buildSettings = {
				ALWAYS_SEARCH_USER_PATHS = NO;
				CLANG_ANALYZER_NONNULL = YES;
				CLANG_ANALYZER_NUMBER_OBJECT_CONVERSION = YES_AGGRESSIVE;
				CLANG_CXX_LANGUAGE_STANDARD = "gnu++0x";
				CLANG_CXX_LIBRARY = "libc++";
				CLANG_ENABLE_MODULES = YES;
				CLANG_ENABLE_OBJC_ARC = YES;
				CLANG_WARN_BOOL_CONVERSION = YES;
				CLANG_WARN_CONSTANT_CONVERSION = YES;
				CLANG_WARN_DIRECT_OBJC_ISA_USAGE = YES_ERROR;
				CLANG_WARN_DOCUMENTATION_COMMENTS = YES;
				CLANG_WARN_EMPTY_BODY = YES;
				CLANG_WARN_ENUM_CONVERSION = YES;
				CLANG_WARN_INFINITE_RECURSION = YES;
				CLANG_WARN_INT_CONVERSION = YES;
				CLANG_WARN_OBJC_ROOT_CLASS = YES_ERROR;
				CLANG_WARN_SUSPICIOUS_MOVE = YES;
				CLANG_WARN_UNREACHABLE_CODE = YES;
				CLANG_WARN__DUPLICATE_METHOD_MATCH = YES;
				"CODE_SIGN_IDENTITY[sdk=iphoneos*]" = "iPhone Developer";
				COPY_PHASE_STRIP = NO;
				DEBUG_INFORMATION_FORMAT = dwarf;
				ENABLE_STRICT_OBJC_MSGSEND = YES;
				ENABLE_TESTABILITY = YES;
				GCC_C_LANGUAGE_STANDARD = gnu99;
				GCC_DYNAMIC_NO_PIC = NO;
				GCC_NO_COMMON_BLOCKS = YES;
				GCC_OPTIMIZATION_LEVEL = 0;
				GCC_PREPROCESSOR_DEFINITIONS = (
					"DEBUG=1",
					"$(inherited)",
				);
				GCC_WARN_64_TO_32_BIT_CONVERSION = YES;
				GCC_WARN_ABOUT_RETURN_TYPE = YES_ERROR;
				GCC_WARN_UNDECLARED_SELECTOR = YES;
				GCC_WARN_UNINITIALIZED_AUTOS = YES_AGGRESSIVE;
				GCC_WARN_UNUSED_FUNCTION = YES;
				GCC_WARN_UNUSED_VARIABLE = YES;
				IPHONEOS_DEPLOYMENT_TARGET = 10.3;
				MTL_ENABLE_DEBUG_INFO = YES;
				ONLY_ACTIVE_ARCH = YES;
				PRODUCT_NAME = "模仿新浪微博";
				SDKROOT = iphoneos;
				SWIFT_ACTIVE_COMPILATION_CONDITIONS = DEBUG;
				SWIFT_OPTIMIZATION_LEVEL = "-Onone";
			};
			name = Debug;
		};
		C01952241F32CFBD00D91609 /* Release */ = {
			isa = XCBuildConfiguration;
			buildSettings = {
				ALWAYS_SEARCH_USER_PATHS = NO;
				CLANG_ANALYZER_NONNULL = YES;
				CLANG_ANALYZER_NUMBER_OBJECT_CONVERSION = YES_AGGRESSIVE;
				CLANG_CXX_LANGUAGE_STANDARD = "gnu++0x";
				CLANG_CXX_LIBRARY = "libc++";
				CLANG_ENABLE_MODULES = YES;
				CLANG_ENABLE_OBJC_ARC = YES;
				CLANG_WARN_BOOL_CONVERSION = YES;
				CLANG_WARN_CONSTANT_CONVERSION = YES;
				CLANG_WARN_DIRECT_OBJC_ISA_USAGE = YES_ERROR;
				CLANG_WARN_DOCUMENTATION_COMMENTS = YES;
				CLANG_WARN_EMPTY_BODY = YES;
				CLANG_WARN_ENUM_CONVERSION = YES;
				CLANG_WARN_INFINITE_RECURSION = YES;
				CLANG_WARN_INT_CONVERSION = YES;
				CLANG_WARN_OBJC_ROOT_CLASS = YES_ERROR;
				CLANG_WARN_SUSPICIOUS_MOVE = YES;
				CLANG_WARN_UNREACHABLE_CODE = YES;
				CLANG_WARN__DUPLICATE_METHOD_MATCH = YES;
				"CODE_SIGN_IDENTITY[sdk=iphoneos*]" = "iPhone Developer";
				COPY_PHASE_STRIP = NO;
				DEBUG_INFORMATION_FORMAT = "dwarf-with-dsym";
				ENABLE_NS_ASSERTIONS = NO;
				ENABLE_STRICT_OBJC_MSGSEND = YES;
				GCC_C_LANGUAGE_STANDARD = gnu99;
				GCC_NO_COMMON_BLOCKS = YES;
				GCC_WARN_64_TO_32_BIT_CONVERSION = YES;
				GCC_WARN_ABOUT_RETURN_TYPE = YES_ERROR;
				GCC_WARN_UNDECLARED_SELECTOR = YES;
				GCC_WARN_UNINITIALIZED_AUTOS = YES_AGGRESSIVE;
				GCC_WARN_UNUSED_FUNCTION = YES;
				GCC_WARN_UNUSED_VARIABLE = YES;
				IPHONEOS_DEPLOYMENT_TARGET = 10.3;
				MTL_ENABLE_DEBUG_INFO = NO;
				PRODUCT_NAME = "模仿新浪微博";
				SDKROOT = iphoneos;
				SWIFT_OPTIMIZATION_LEVEL = "-Owholemodule";
				VALIDATE_PRODUCT = YES;
			};
			name = Release;
		};
		C01952261F32CFBD00D91609 /* Debug */ = {
			isa = XCBuildConfiguration;
			buildSettings = {
				ASSETCATALOG_COMPILER_APPICON_NAME = AppIcon;
				ASSETCATALOG_COMPILER_LAUNCHIMAGE_NAME = LaunchImage;
				INFOPLIST_FILE = "8-3-模仿新浪微博/Info.plist";
				IPHONEOS_DEPLOYMENT_TARGET = 8.0;
				LD_RUNPATH_SEARCH_PATHS = "$(inherited) @executable_path/Frameworks";
				PRODUCT_BUNDLE_IDENTIFIER = "cn.Zeus.--3-------";
				PRODUCT_NAME = "模仿新浪微博";
				SWIFT_OBJC_BRIDGING_HEADER = "8-3-模仿新浪微博/Weibo-Bridge.h";
				SWIFT_VERSION = 3.0;
			};
			name = Debug;
		};
		C01952271F32CFBD00D91609 /* Release */ = {
			isa = XCBuildConfiguration;
			buildSettings = {
				ASSETCATALOG_COMPILER_APPICON_NAME = AppIcon;
				ASSETCATALOG_COMPILER_LAUNCHIMAGE_NAME = LaunchImage;
				INFOPLIST_FILE = "8-3-模仿新浪微博/Info.plist";
				IPHONEOS_DEPLOYMENT_TARGET = 8.0;
				LD_RUNPATH_SEARCH_PATHS = "$(inherited) @executable_path/Frameworks";
				PRODUCT_BUNDLE_IDENTIFIER = "cn.Zeus.--3-------";
				PRODUCT_NAME = "模仿新浪微博";
				SWIFT_OBJC_BRIDGING_HEADER = "8-3-模仿新浪微博/Weibo-Bridge.h";
				SWIFT_VERSION = 3.0;
			};
			name = Release;
		};
		C01952291F32CFBD00D91609 /* Debug */ = {
			isa = XCBuildConfiguration;
			buildSettings = {
				ALWAYS_EMBED_SWIFT_STANDARD_LIBRARIES = YES;
				BUNDLE_LOADER = "$(TEST_HOST)";
				INFOPLIST_FILE = "8-3-模仿新浪微博Tests/Info.plist";
				LD_RUNPATH_SEARCH_PATHS = "$(inherited) @executable_path/Frameworks @loader_path/Frameworks";
				PRODUCT_BUNDLE_IDENTIFIER = "cn.Zeus.--3-------Tests";
				PRODUCT_NAME = "$(TARGET_NAME)";
				SWIFT_VERSION = 3.0;
				TEST_HOST = "$(BUILT_PRODUCTS_DIR)/8-3-模仿新浪微博.app/8-3-模仿新浪微博";
			};
			name = Debug;
		};
		C019522A1F32CFBD00D91609 /* Release */ = {
			isa = XCBuildConfiguration;
			buildSettings = {
				ALWAYS_EMBED_SWIFT_STANDARD_LIBRARIES = YES;
				BUNDLE_LOADER = "$(TEST_HOST)";
				INFOPLIST_FILE = "8-3-模仿新浪微博Tests/Info.plist";
				LD_RUNPATH_SEARCH_PATHS = "$(inherited) @executable_path/Frameworks @loader_path/Frameworks";
				PRODUCT_BUNDLE_IDENTIFIER = "cn.Zeus.--3-------Tests";
				PRODUCT_NAME = "$(TARGET_NAME)";
				SWIFT_VERSION = 3.0;
				TEST_HOST = "$(BUILT_PRODUCTS_DIR)/8-3-模仿新浪微博.app/8-3-模仿新浪微博";
			};
			name = Release;
		};
		C019522C1F32CFBD00D91609 /* Debug */ = {
			isa = XCBuildConfiguration;
			buildSettings = {
				ALWAYS_EMBED_SWIFT_STANDARD_LIBRARIES = YES;
				INFOPLIST_FILE = "8-3-模仿新浪微博UITests/Info.plist";
				LD_RUNPATH_SEARCH_PATHS = "$(inherited) @executable_path/Frameworks @loader_path/Frameworks";
				PRODUCT_BUNDLE_IDENTIFIER = "cn.Zeus.--3-------UITests";
				PRODUCT_NAME = "$(TARGET_NAME)";
				SWIFT_VERSION = 3.0;
				TEST_TARGET_NAME = "8-3-模仿新浪微博";
			};
			name = Debug;
		};
		C019522D1F32CFBD00D91609 /* Release */ = {
			isa = XCBuildConfiguration;
			buildSettings = {
				ALWAYS_EMBED_SWIFT_STANDARD_LIBRARIES = YES;
				INFOPLIST_FILE = "8-3-模仿新浪微博UITests/Info.plist";
				LD_RUNPATH_SEARCH_PATHS = "$(inherited) @executable_path/Frameworks @loader_path/Frameworks";
				PRODUCT_BUNDLE_IDENTIFIER = "cn.Zeus.--3-------UITests";
				PRODUCT_NAME = "$(TARGET_NAME)";
				SWIFT_VERSION = 3.0;
				TEST_TARGET_NAME = "8-3-模仿新浪微博";
			};
			name = Release;
		};
/* End XCBuildConfiguration section */

/* Begin XCConfigurationList section */
		C01951F81F32CFBD00D91609 /* Build configuration list for PBXProject "8-3-模仿新浪微博" */ = {
			isa = XCConfigurationList;
			buildConfigurations = (
				C01952231F32CFBD00D91609 /* Debug */,
				C01952241F32CFBD00D91609 /* Release */,
			);
			defaultConfigurationIsVisible = 0;
			defaultConfigurationName = Release;
		};
		C01952251F32CFBD00D91609 /* Build configuration list for PBXNativeTarget "8-3-模仿新浪微博" */ = {
			isa = XCConfigurationList;
			buildConfigurations = (
				C01952261F32CFBD00D91609 /* Debug */,
				C01952271F32CFBD00D91609 /* Release */,
			);
			defaultConfigurationIsVisible = 0;
			defaultConfigurationName = Release;
		};
		C01952281F32CFBD00D91609 /* Build configuration list for PBXNativeTarget "8-3-模仿新浪微博Tests" */ = {
			isa = XCConfigurationList;
			buildConfigurations = (
				C01952291F32CFBD00D91609 /* Debug */,
				C019522A1F32CFBD00D91609 /* Release */,
			);
			defaultConfigurationIsVisible = 0;
			defaultConfigurationName = Release;
		};
		C019522B1F32CFBD00D91609 /* Build configuration list for PBXNativeTarget "8-3-模仿新浪微博UITests" */ = {
			isa = XCConfigurationList;
			buildConfigurations = (
				C019522C1F32CFBD00D91609 /* Debug */,
				C019522D1F32CFBD00D91609 /* Release */,
			);
			defaultConfigurationIsVisible = 0;
			defaultConfigurationName = Release;
		};
/* End XCConfigurationList section */
	};
	rootObject = C01951F51F32CFBD00D91609 /* Project object */;
}
